{
    "_readme": [
        "This file locks the dependencies of your project to a known state",
        "Read more about it at https://getcomposer.org/doc/01-basic-usage.md#composer-lock-the-lock-file",
        "This file is @generated automatically"
    ],
    "hash": "01188b87ebdf23fb851a36abcfd53a14",
    "packages": [
        {
            "name": "cboden/ratchet",
            "version": "v0.3.3",
            "source": {
                "type": "git",
                "url": "https://github.com/ratchetphp/Ratchet.git",
                "reference": "6b247c05251b4b5cbd14243366b649f99a0e5681"
            },
            "dist": {
                "type": "zip",
                "url": "https://api.github.com/repos/ratchetphp/Ratchet/zipball/6b247c05251b4b5cbd14243366b649f99a0e5681",
                "reference": "6b247c05251b4b5cbd14243366b649f99a0e5681",
                "shasum": ""
            },
            "require": {
                "guzzle/http": "^3.6",
                "php": ">=5.3.9",
                "react/socket": "^0.3 || ^0.4",
                "symfony/http-foundation": "^2.2",
                "symfony/routing": "^2.2"
            },
            "type": "library",
            "autoload": {
                "psr-4": {
                    "Ratchet\\": "src/Ratchet"
                }
            },
            "notification-url": "https://packagist.org/downloads/",
            "license": [
                "MIT"
            ],
            "authors": [
                {
                    "name": "Chris Boden",
                    "email": "cboden@gmail.com",
                    "role": "Developer"
                }
            ],
            "description": "PHP WebSocket library",
            "homepage": "http://socketo.me",
            "keywords": [
                "Ratchet",
                "WebSockets",
                "server",
                "sockets"
            ],
            "time": "2015-05-27 12:51:05"
        },
        {
            "name": "embed/embed",
            "version": "dev-master",
            "source": {
                "type": "git",
                "url": "https://github.com/oscarotero/Embed.git",
                "reference": "1c4cf75fe45ce85568a4b7f6841a40fbd68ec68a"
            },
            "dist": {
                "type": "zip",
                "url": "https://api.github.com/repos/oscarotero/Embed/zipball/1c4cf75fe45ce85568a4b7f6841a40fbd68ec68a",
                "reference": "1c4cf75fe45ce85568a4b7f6841a40fbd68ec68a",
                "shasum": ""
            },
            "require": {
                "ext-curl": "*",
                "php": ">=5.4.0"
            },
            "require-dev": {
                "phpunit/phpunit": "~4.0"
            },
            "type": "library",
            "autoload": {
                "psr-4": {
                    "Embed\\": "src"
                }
            },
            "notification-url": "https://packagist.org/downloads/",
            "license": [
                "MIT"
            ],
            "authors": [
                {
                    "name": "Oscar Otero",
                    "email": "oom@oscarotero.com",
                    "homepage": "http://oscarotero.com",
                    "role": "Developer"
                }
            ],
            "description": "PHP library to retrieve page info using oembed, opengraph, etc",
            "homepage": "https://github.com/oscarotero/Embed",
            "keywords": [
                "embed",
                "embedly",
                "oembed",
                "opengraph",
                "twitter cards"
            ],
            "time": "2015-07-27 17:13:25"
        },
        {
            "name": "evenement/evenement",
            "version": "v2.0.0",
            "source": {
                "type": "git",
                "url": "https://github.com/igorw/evenement.git",
                "reference": "f6e843799fd4f4184d54d8fc7b5b3551c9fa803e"
            },
            "dist": {
                "type": "zip",
                "url": "https://api.github.com/repos/igorw/evenement/zipball/f6e843799fd4f4184d54d8fc7b5b3551c9fa803e",
                "reference": "f6e843799fd4f4184d54d8fc7b5b3551c9fa803e",
                "shasum": ""
            },
            "require": {
                "php": ">=5.4.0"
            },
            "type": "library",
            "extra": {
                "branch-alias": {
                    "dev-master": "2.0-dev"
                }
            },
            "autoload": {
                "psr-0": {
                    "Evenement": "src"
                }
            },
            "notification-url": "https://packagist.org/downloads/",
            "license": [
                "MIT"
            ],
            "authors": [
                {
                    "name": "Igor Wiedler",
                    "email": "igor@wiedler.ch",
                    "homepage": "http://wiedler.ch/igor/"
                }
            ],
            "description": "Événement is a very simple event dispatching library for PHP",
            "keywords": [
                "event-dispatcher",
                "event-emitter"
            ],
            "time": "2012-11-02 14:49:47"
        },
        {
            "name": "forxer/gravatar",
            "version": "1.3.0",
            "source": {
                "type": "git",
                "url": "https://github.com/forxer/gravatar.git",
                "reference": "5cfccda24b47950945859f11be5cd874e628cef4"
            },
            "dist": {
                "type": "zip",
                "url": "https://api.github.com/repos/forxer/gravatar/zipball/5cfccda24b47950945859f11be5cd874e628cef4",
                "reference": "5cfccda24b47950945859f11be5cd874e628cef4",
                "shasum": ""
            },
            "require": {
                "php": ">=5.4.0"
            },
            "type": "library",
            "autoload": {
                "psr-4": {
                    "forxer\\Gravatar\\": "src"
                }
            },
            "notification-url": "https://packagist.org/downloads/",
            "license": [
                "MIT"
            ],
            "authors": [
                {
                    "name": "Vincent Garnier",
                    "email": "forxer@gmail.org",
                    "homepage": "http://forx.fr"
                }
            ],
            "description": "A library providing easy gravatar integration.",
            "keywords": [
                "gravatar"
            ],
            "time": "2015-06-30 11:28:02"
        },
        {
            "name": "guzzle/common",
            "version": "v3.9.2",
            "target-dir": "Guzzle/Common",
            "source": {
                "type": "git",
                "url": "https://github.com/Guzzle3/common.git",
                "reference": "2e36af7cf2ce3ea1f2d7c2831843b883a8e7b7dc"
            },
            "dist": {
                "type": "zip",
                "url": "https://api.github.com/repos/Guzzle3/common/zipball/2e36af7cf2ce3ea1f2d7c2831843b883a8e7b7dc",
                "reference": "2e36af7cf2ce3ea1f2d7c2831843b883a8e7b7dc",
                "shasum": ""
            },
            "require": {
                "php": ">=5.3.2",
                "symfony/event-dispatcher": ">=2.1"
            },
            "type": "library",
            "extra": {
                "branch-alias": {
                    "dev-master": "3.7-dev"
                }
            },
            "autoload": {
                "psr-0": {
                    "Guzzle\\Common": ""
                }
            },
            "notification-url": "https://packagist.org/downloads/",
            "license": [
                "MIT"
            ],
            "description": "Common libraries used by Guzzle",
            "homepage": "http://guzzlephp.org/",
            "keywords": [
                "collection",
                "common",
                "event",
                "exception"
            ],
            "abandoned": "guzzle/guzzle",
            "time": "2014-08-11 04:32:36"
        },
        {
            "name": "guzzle/http",
            "version": "v3.9.2",
            "target-dir": "Guzzle/Http",
            "source": {
                "type": "git",
                "url": "https://github.com/Guzzle3/http.git",
                "reference": "1e8dd1e2ba9dc42332396f39fbfab950b2301dc5"
            },
            "dist": {
                "type": "zip",
                "url": "https://api.github.com/repos/Guzzle3/http/zipball/1e8dd1e2ba9dc42332396f39fbfab950b2301dc5",
                "reference": "1e8dd1e2ba9dc42332396f39fbfab950b2301dc5",
                "shasum": ""
            },
            "require": {
                "guzzle/common": "self.version",
                "guzzle/parser": "self.version",
                "guzzle/stream": "self.version",
                "php": ">=5.3.2"
            },
            "suggest": {
                "ext-curl": "*"
            },
            "type": "library",
            "extra": {
                "branch-alias": {
                    "dev-master": "3.7-dev"
                }
            },
            "autoload": {
                "psr-0": {
                    "Guzzle\\Http": ""
                }
            },
            "notification-url": "https://packagist.org/downloads/",
            "license": [
                "MIT"
            ],
            "authors": [
                {
                    "name": "Michael Dowling",
                    "email": "mtdowling@gmail.com",
                    "homepage": "https://github.com/mtdowling"
                }
            ],
            "description": "HTTP libraries used by Guzzle",
            "homepage": "http://guzzlephp.org/",
            "keywords": [
                "Guzzle",
                "client",
                "curl",
                "http",
                "http client"
            ],
            "abandoned": "guzzle/guzzle",
            "time": "2014-08-11 04:32:36"
        },
        {
            "name": "guzzle/parser",
            "version": "v3.9.2",
            "target-dir": "Guzzle/Parser",
            "source": {
                "type": "git",
                "url": "https://github.com/Guzzle3/parser.git",
                "reference": "6874d171318a8e93eb6d224cf85e4678490b625c"
            },
            "dist": {
                "type": "zip",
                "url": "https://api.github.com/repos/Guzzle3/parser/zipball/6874d171318a8e93eb6d224cf85e4678490b625c",
                "reference": "6874d171318a8e93eb6d224cf85e4678490b625c",
                "shasum": ""
            },
            "require": {
                "php": ">=5.3.2"
            },
            "type": "library",
            "extra": {
                "branch-alias": {
                    "dev-master": "3.7-dev"
                }
            },
            "autoload": {
                "psr-0": {
                    "Guzzle\\Parser": ""
                }
            },
            "notification-url": "https://packagist.org/downloads/",
            "license": [
                "MIT"
            ],
            "description": "Interchangeable parsers used by Guzzle",
            "homepage": "http://guzzlephp.org/",
            "keywords": [
                "URI Template",
                "cookie",
                "http",
                "message",
                "url"
            ],
            "abandoned": "guzzle/guzzle",
            "time": "2014-02-05 18:29:46"
        },
        {
            "name": "guzzle/stream",
            "version": "v3.9.2",
            "target-dir": "Guzzle/Stream",
            "source": {
                "type": "git",
                "url": "https://github.com/Guzzle3/stream.git",
                "reference": "60c7fed02e98d2c518dae8f97874c8f4622100f0"
            },
            "dist": {
                "type": "zip",
                "url": "https://api.github.com/repos/Guzzle3/stream/zipball/60c7fed02e98d2c518dae8f97874c8f4622100f0",
                "reference": "60c7fed02e98d2c518dae8f97874c8f4622100f0",
                "shasum": ""
            },
            "require": {
                "guzzle/common": "self.version",
                "php": ">=5.3.2"
            },
            "suggest": {
                "guzzle/http": "To convert Guzzle request objects to PHP streams"
            },
            "type": "library",
            "extra": {
                "branch-alias": {
                    "dev-master": "3.7-dev"
                }
            },
            "autoload": {
                "psr-0": {
                    "Guzzle\\Stream": ""
                }
            },
            "notification-url": "https://packagist.org/downloads/",
            "license": [
                "MIT"
            ],
            "authors": [
                {
                    "name": "Michael Dowling",
                    "email": "mtdowling@gmail.com",
                    "homepage": "https://github.com/mtdowling"
                }
            ],
            "description": "Guzzle stream wrapper component",
            "homepage": "http://guzzlephp.org/",
            "keywords": [
                "Guzzle",
                "component",
                "stream"
            ],
            "abandoned": "guzzle/guzzle",
            "time": "2014-05-01 21:36:02"
        },
        {
            "name": "heyupdate/emoji",
            "version": "dev-master",
            "source": {
                "type": "git",
                "url": "https://github.com/heyupdate/emoji.git",
                "reference": "0bb654d695553c20c6e72c32604086b7fde76e55"
            },
            "dist": {
                "type": "zip",
                "url": "https://api.github.com/repos/heyupdate/emoji/zipball/0bb654d695553c20c6e72c32604086b7fde76e55",
                "reference": "0bb654d695553c20c6e72c32604086b7fde76e55",
                "shasum": ""
            },
            "require": {
                "php": ">=5.3.0"
            },
            "require-dev": {
                "phpunit/phpunit": "~4.4"
            },
            "type": "library",
            "extra": {
                "branch-alias": {
                    "dev-master": "0.2.x-dev"
                }
            },
            "autoload": {
                "psr-4": {
                    "HeyUpdate\\Emoji\\": "src/"
                }
            },
            "notification-url": "https://packagist.org/downloads/",
            "license": [
                "MIT"
            ],
            "description": "Convert unicode and named (i.e. :smile:) Emoji into images",
            "keywords": [
                "emoji"
            ],
            "time": "2015-06-06 08:55:07"
        },
        {
            "name": "libchart/libchart",
            "version": "dev-master",
            "source": {
                "type": "git",
                "url": "https://github.com/astehlik/libchart.git",
                "reference": "408d6729f59c3d1641af4c5fee39bb3bcb7fd575"
            },
            "dist": {
                "type": "zip",
                "url": "https://api.github.com/repos/astehlik/libchart/zipball/408d6729f59c3d1641af4c5fee39bb3bcb7fd575",
                "reference": "408d6729f59c3d1641af4c5fee39bb3bcb7fd575",
                "shasum": ""
            },
            "type": "library",
            "autoload": {
                "psr-0": {
                    "Libchart\\": "libchart/"
                }
            },
            "notification-url": "https://packagist.org/downloads/",
            "license": [
                "GPL-3.0"
            ],
            "authors": [
                {
                    "name": "Jean-Marc Trémeaux",
                    "homepage": "http://naku.dohcrew.com/",
                    "role": "Developer"
                },
                {
                    "name": "Alexander Stehlik",
                    "role": "Developer"
                }
            ],
            "description": "Simple PHP chart drawing library",
            "homepage": "http://naku.dohcrew.com/libchart/pages/introduction/",
            "keywords": [
                "bar charts",
                "chart",
                "charts",
                "line charts",
                "pie charts"
            ],
            "time": "2013-10-19 22:30:10"
        },
        {
            "name": "michelf/php-markdown",
            "version": "dev-lib",
            "source": {
                "type": "git",
                "url": "https://github.com/michelf/php-markdown.git",
                "reference": "942bf343ddc80b06b1bd43c452ffd58a1e357df6"
            },
            "dist": {
                "type": "zip",
                "url": "https://api.github.com/repos/michelf/php-markdown/zipball/942bf343ddc80b06b1bd43c452ffd58a1e357df6",
                "reference": "942bf343ddc80b06b1bd43c452ffd58a1e357df6",
                "shasum": ""
            },
            "require": {
                "php": ">=5.3.0"
            },
            "type": "library",
            "extra": {
                "branch-alias": {
                    "dev-lib": "1.4.x-dev"
                }
            },
            "autoload": {
                "psr-0": {
                    "Michelf": ""
                }
            },
            "notification-url": "https://packagist.org/downloads/",
            "license": [
                "BSD-3-Clause"
            ],
            "authors": [
                {
                    "name": "Michel Fortin",
                    "email": "michel.fortin@michelf.ca",
                    "homepage": "https://michelf.ca/",
                    "role": "Developer"
                },
                {
                    "name": "John Gruber",
                    "homepage": "https://daringfireball.net/"
                }
            ],
            "description": "PHP Markdown",
            "homepage": "https://michelf.ca/projects/php-markdown/",
            "keywords": [
                "markdown"
            ],
            "time": "2015-07-05 20:37:59"
        },
        {
            "name": "monolog/monolog",
            "version": "1.8.0",
            "source": {
                "type": "git",
                "url": "https://github.com/Seldaek/monolog.git",
                "reference": "392ef35fd470638e08d0160d6b1cbab63cb23174"
            },
            "dist": {
                "type": "zip",
                "url": "https://api.github.com/repos/Seldaek/monolog/zipball/392ef35fd470638e08d0160d6b1cbab63cb23174",
                "reference": "392ef35fd470638e08d0160d6b1cbab63cb23174",
                "shasum": ""
            },
            "require": {
                "php": ">=5.3.0",
                "psr/log": "~1.0"
            },
            "require-dev": {
                "aws/aws-sdk-php": "~2.4, >2.4.8",
                "doctrine/couchdb": "~1.0@dev",
                "graylog2/gelf-php": "~1.0",
                "phpunit/phpunit": "~3.7.0",
                "raven/raven": "~0.5",
                "ruflin/elastica": "0.90.*"
            },
            "suggest": {
                "aws/aws-sdk-php": "Allow sending log messages to AWS services like DynamoDB",
                "doctrine/couchdb": "Allow sending log messages to a CouchDB server",
                "ext-amqp": "Allow sending log messages to an AMQP server (1.0+ required)",
                "ext-mongo": "Allow sending log messages to a MongoDB server",
                "graylog2/gelf-php": "Allow sending log messages to a GrayLog2 server",
                "raven/raven": "Allow sending log messages to a Sentry server",
                "rollbar/rollbar": "Allow sending log messages to Rollbar",
                "ruflin/elastica": "Allow sending log messages to an Elastic Search server"
            },
            "type": "library",
            "extra": {
                "branch-alias": {
                    "dev-master": "1.8.x-dev"
                }
            },
            "autoload": {
                "psr-4": {
                    "Monolog\\": "src/Monolog"
                }
            },
            "notification-url": "https://packagist.org/downloads/",
            "license": [
                "MIT"
            ],
            "authors": [
                {
                    "name": "Jordi Boggiano",
                    "email": "j.boggiano@seld.be",
                    "homepage": "http://seld.be",
                    "role": "Developer"
                }
            ],
            "description": "Sends your logs to files, sockets, inboxes, databases and various web services",
            "homepage": "http://github.com/Seldaek/monolog",
            "keywords": [
                "log",
                "logging",
                "psr-3"
            ],
            "time": "2014-03-23 19:50:26"
        },
        {
            "name": "movim/modl",
            "version": "dev-master",
            "source": {
                "type": "git",
                "url": "https://github.com/edhelas/modl.git",
                "reference": "6603af558a16eb2dc1be3f02a9ec2149eac03fa4"
            },
            "dist": {
                "type": "zip",
                "url": "https://api.github.com/repos/edhelas/modl/zipball/6603af558a16eb2dc1be3f02a9ec2149eac03fa4",
                "reference": "6603af558a16eb2dc1be3f02a9ec2149eac03fa4",
                "shasum": ""
            },
            "require": {
                "monolog/monolog": "1.8.*",
                "php": ">=5.3.0"
            },
            "type": "library",
            "autoload": {
                "psr-4": {
                    "Modl\\": "src/Modl"
                }
            },
            "notification-url": "https://packagist.org/downloads/",
            "license": [
                "AGPLv3"
            ],
            "authors": [
                {
                    "name": "Jaussoin Timothée",
                    "email": "edhelas@movim.eu",
                    "homepage": "http://edhelas.movim.eu"
                }
            ],
            "description": "A light PHP Database layer using DAO pattern",
            "homepage": "http://github.com/edhelas/modl",
            "keywords": [
                "dao",
                "database",
                "sql"
            ],
            "time": "2015-06-09 21:57:36"
        },
        {
            "name": "movim/moxl",
            "version": "dev-ws",
            "source": {
                "type": "git",
                "url": "https://github.com/edhelas/moxl.git",
                "reference": "aa39d3568e2e3c2ee6b1fd67adbd69d290dba5a4"
            },
            "dist": {
                "type": "zip",
                "url": "https://api.github.com/repos/edhelas/moxl/zipball/aa39d3568e2e3c2ee6b1fd67adbd69d290dba5a4",
                "reference": "aa39d3568e2e3c2ee6b1fd67adbd69d290dba5a4",
                "shasum": ""
            },
            "require": {
                "monolog/monolog": "1.8.*",
                "movim/sasl2": "dev-master",
                "php": ">=5.3.0"
            },
            "type": "library",
            "autoload": {
                "psr-4": {
                    "Moxl\\": "src/Moxl"
                }
            },
            "notification-url": "https://packagist.org/downloads/",
            "license": [
                "AGPLv3"
            ],
            "authors": [
                {
                    "name": "Jaussoin Timothée",
                    "email": "edhelas@movim.eu",
                    "homepage": "http://edhelas.movim.eu"
                }
            ],
            "description": "Moxl (for Movim XMPP Library) is a light PHP XMPP library built to use only BOSH HTTP request",
            "homepage": "http://github.com/edhelas/moxl",
            "keywords": [
                "bosh",
                "dao",
                "php",
                "xmpp"
            ],
            "time": "2015-06-26 21:02:57"
        },
        {
            "name": "movim/sasl2",
            "version": "dev-master",
            "source": {
                "type": "git",
                "url": "https://github.com/edhelas/sasl2.git",
                "reference": "b9c7cecb1ebb6086262304b901bbc71dff435504"
            },
            "dist": {
                "type": "zip",
                "url": "https://api.github.com/repos/edhelas/sasl2/zipball/b9c7cecb1ebb6086262304b901bbc71dff435504",
                "reference": "b9c7cecb1ebb6086262304b901bbc71dff435504",
                "shasum": ""
            },
            "require": {
                "php": ">=5.3.0"
            },
            "type": "library",
            "autoload": {
                "psr-4": {
                    "SASL2\\": "src/SASL2"
                }
            },
            "notification-url": "https://packagist.org/downloads/",
            "license": [
                "BSD"
            ],
            "authors": [
                {
                    "name": "Anish Mistry",
                    "email": "amistry@am-productions.biz"
                },
                {
                    "name": "Richard Heyes",
                    "email": "richard@php.net"
                },
                {
                    "name": "Michael Bretterklieber",
                    "email": "michael@bretterklieber.com"
                }
            ],
            "description": "Abstraction of various SASL mechanism responses. From the Auth_SASL2 Pear package",
            "homepage": "https://github.com/edhelas/sasl2",
            "keywords": [
                "Authentication",
                "auth",
                "sasl2",
                "scram"
            ],
            "time": "2014-06-05 21:19:06"
        },
        {
            "name": "psr/log",
            "version": "1.0.0",
            "source": {
                "type": "git",
                "url": "https://github.com/php-fig/log.git",
                "reference": "fe0936ee26643249e916849d48e3a51d5f5e278b"
            },
            "dist": {
                "type": "zip",
                "url": "https://api.github.com/repos/php-fig/log/zipball/fe0936ee26643249e916849d48e3a51d5f5e278b",
                "reference": "fe0936ee26643249e916849d48e3a51d5f5e278b",
                "shasum": ""
            },
            "type": "library",
            "autoload": {
                "psr-0": {
                    "Psr\\Log\\": ""
                }
            },
            "notification-url": "https://packagist.org/downloads/",
            "license": [
                "MIT"
            ],
            "authors": [
                {
                    "name": "PHP-FIG",
                    "homepage": "http://www.php-fig.org/"
                }
            ],
            "description": "Common interface for logging libraries",
            "keywords": [
                "log",
                "psr",
                "psr-3"
            ],
            "time": "2012-12-21 11:40:51"
        },
        {
            "name": "rain/raintpl",
            "version": "dev-master",
            "source": {
                "type": "git",
                "url": "https://github.com/rainphp/raintpl3.git",
                "reference": "51a242eb959fc28b9d8d3edf8f168a0e9fa0d858"
            },
            "dist": {
                "type": "zip",
                "url": "https://api.github.com/repos/rainphp/raintpl3/zipball/51a242eb959fc28b9d8d3edf8f168a0e9fa0d858",
                "reference": "51a242eb959fc28b9d8d3edf8f168a0e9fa0d858",
                "shasum": ""
            },
            "require": {
                "php": ">=5.3"
            },
            "require-dev": {
                "phpunit/phpunit": "4.4.*"
            },
            "type": "library",
            "autoload": {
                "psr-0": {
                    "Rain": "library/"
                }
            },
            "notification-url": "https://packagist.org/downloads/",
            "license": [
                "MIT"
            ],
            "authors": [
                {
                    "name": "Rain Community"
                },
                {
                    "name": "Federico Ulfo",
                    "email": "rainelemental@gmail.com"
                }
            ],
            "description": "easy and fast template engine",
            "homepage": "http://raintpl.com",
            "time": "2014-12-23 19:29:46"
        },
        {
            "name": "react/cache",
            "version": "v0.4.0",
            "source": {
                "type": "git",
                "url": "https://github.com/reactphp/cache.git",
                "reference": "9882ab5d8b00617baae83c6996f5a34668c11beb"
            },
            "dist": {
                "type": "zip",
                "url": "https://api.github.com/repos/reactphp/cache/zipball/9882ab5d8b00617baae83c6996f5a34668c11beb",
                "reference": "9882ab5d8b00617baae83c6996f5a34668c11beb",
                "shasum": ""
            },
            "require": {
                "php": ">=5.4.0",
                "react/promise": "~2.0"
            },
            "type": "library",
            "extra": {
                "branch-alias": {
                    "dev-master": "0.4-dev"
                }
            },
            "autoload": {
                "psr-4": {
                    "React\\Cache\\": ""
                }
            },
            "notification-url": "https://packagist.org/downloads/",
            "license": [
                "MIT"
            ],
            "description": "Async caching.",
            "keywords": [
                "cache"
            ],
            "time": "2014-02-02 01:11:26"
        },
        {
            "name": "react/child-process",
            "version": "dev-master",
            "source": {
                "type": "git",
                "url": "https://github.com/reactphp/child-process.git",
                "reference": "a75cb3e7d444abfea339bc40ad9ced7ba78d4afa"
            },
            "dist": {
                "type": "zip",
                "url": "https://api.github.com/repos/reactphp/child-process/zipball/a75cb3e7d444abfea339bc40ad9ced7ba78d4afa",
                "reference": "a75cb3e7d444abfea339bc40ad9ced7ba78d4afa",
                "shasum": ""
            },
            "require": {
                "evenement/evenement": "~2.0",
                "php": ">=5.4.0",
                "react/event-loop": "0.4.*",
                "react/stream": "0.4.*"
            },
            "require-dev": {
                "sebastian/environment": "~1.0"
            },
            "type": "library",
            "extra": {
                "branch-alias": {
                    "dev-master": "0.5-dev"
                }
            },
            "autoload": {
                "psr-4": {
                    "React\\ChildProcess\\": "src"
                }
            },
            "notification-url": "https://packagist.org/downloads/",
            "license": [
                "MIT"
            ],
            "description": "Library for executing child processes.",
            "keywords": [
                "process"
            ],
            "time": "2014-08-08 23:27:29"
        },
        {
            "name": "react/dns",
            "version": "v0.4.1",
            "source": {
                "type": "git",
                "url": "https://github.com/reactphp/dns.git",
                "reference": "8c5ccc35dcb4b06b70eb9201842363fac7b0f3cf"
            },
            "dist": {
                "type": "zip",
                "url": "https://api.github.com/repos/reactphp/dns/zipball/8c5ccc35dcb4b06b70eb9201842363fac7b0f3cf",
                "reference": "8c5ccc35dcb4b06b70eb9201842363fac7b0f3cf",
                "shasum": ""
            },
            "require": {
                "php": ">=5.4.0",
                "react/cache": "0.4.*",
                "react/promise": "~2.0",
                "react/socket": "0.4.*"
            },
            "type": "library",
            "extra": {
                "branch-alias": {
                    "dev-master": "0.4-dev"
                }
            },
            "autoload": {
                "psr-4": {
                    "React\\Dns\\": ""
                }
            },
            "notification-url": "https://packagist.org/downloads/",
            "license": [
                "MIT"
            ],
            "description": "Async DNS resolver.",
            "keywords": [
                "dns",
                "dns-resolver"
            ],
            "time": "2014-04-12 14:09:10"
        },
        {
            "name": "react/event-loop",
            "version": "v0.4.1",
            "source": {
                "type": "git",
                "url": "https://github.com/reactphp/event-loop.git",
                "reference": "18c5297087ca01de85518e2b55078f444144aa1b"
            },
            "dist": {
                "type": "zip",
                "url": "https://api.github.com/repos/reactphp/event-loop/zipball/18c5297087ca01de85518e2b55078f444144aa1b",
                "reference": "18c5297087ca01de85518e2b55078f444144aa1b",
                "shasum": ""
            },
            "require": {
                "php": ">=5.4.0"
            },
            "suggest": {
                "ext-event": "~1.0",
                "ext-libev": "*",
                "ext-libevent": ">=0.1.0"
            },
            "type": "library",
            "extra": {
                "branch-alias": {
                    "dev-master": "0.4-dev"
                }
            },
            "autoload": {
                "psr-4": {
                    "React\\EventLoop\\": ""
                }
            },
            "notification-url": "https://packagist.org/downloads/",
            "license": [
                "MIT"
            ],
            "description": "Event loop abstraction layer that libraries can use for evented I/O.",
            "keywords": [
                "event-loop"
            ],
            "time": "2014-02-26 17:36:58"
        },
        {
            "name": "react/promise",
            "version": "v2.2.1",
            "source": {
                "type": "git",
                "url": "https://github.com/reactphp/promise.git",
                "reference": "3b6fca09c7d56321057fa8867c8dbe1abf648627"
            },
            "dist": {
                "type": "zip",
                "url": "https://api.github.com/repos/reactphp/promise/zipball/3b6fca09c7d56321057fa8867c8dbe1abf648627",
                "reference": "3b6fca09c7d56321057fa8867c8dbe1abf648627",
                "shasum": ""
            },
            "require": {
                "php": ">=5.4.0"
            },
            "type": "library",
            "extra": {
                "branch-alias": {
                    "dev-master": "2.0-dev"
                }
            },
            "autoload": {
                "psr-4": {
                    "React\\Promise\\": "src/"
                },
                "files": [
                    "src/functions_include.php"
                ]
            },
            "notification-url": "https://packagist.org/downloads/",
            "license": [
                "MIT"
            ],
            "authors": [
                {
                    "name": "Jan Sorgalla",
                    "email": "jsorgalla@gmail.com"
                }
            ],
            "description": "A lightweight implementation of CommonJS Promises/A for PHP",
            "time": "2015-07-03 13:48:55"
        },
        {
            "name": "react/socket",
            "version": "v0.4.2",
            "source": {
                "type": "git",
                "url": "https://github.com/reactphp/socket.git",
                "reference": "a6acf405ca53fc6cfbfe7c77778ededff46aa7cc"
            },
            "dist": {
                "type": "zip",
                "url": "https://api.github.com/repos/reactphp/socket/zipball/a6acf405ca53fc6cfbfe7c77778ededff46aa7cc",
                "reference": "a6acf405ca53fc6cfbfe7c77778ededff46aa7cc",
                "shasum": ""
            },
            "require": {
                "evenement/evenement": "~2.0",
                "php": ">=5.4.0",
                "react/event-loop": "0.4.*",
                "react/stream": "0.4.*"
            },
            "type": "library",
            "extra": {
                "branch-alias": {
                    "dev-master": "0.4-dev"
                }
            },
            "autoload": {
                "psr-4": {
                    "React\\Socket\\": "src"
                }
            },
            "notification-url": "https://packagist.org/downloads/",
            "license": [
                "MIT"
            ],
            "description": "Library for building an evented socket server.",
            "keywords": [
                "Socket"
            ],
            "time": "2014-05-25 17:02:16"
        },
        {
            "name": "react/socket-client",
            "version": "dev-master",
            "source": {
                "type": "git",
                "url": "https://github.com/reactphp/socket-client.git",
                "reference": "3cc3f860a6942ea5c0e0384c9b4ee27149753eff"
            },
            "dist": {
                "type": "zip",
                "url": "https://api.github.com/repos/reactphp/socket-client/zipball/3cc3f860a6942ea5c0e0384c9b4ee27149753eff",
                "reference": "3cc3f860a6942ea5c0e0384c9b4ee27149753eff",
                "shasum": ""
            },
            "require": {
                "php": ">=5.4.0",
                "react/dns": "0.4.*",
                "react/event-loop": "0.4.*",
                "react/promise": "~2.0",
                "react/stream": "0.4.*"
            },
            "type": "library",
            "extra": {
                "branch-alias": {
                    "dev-master": "0.4-dev"
                }
            },
            "autoload": {
                "psr-4": {
                    "React\\SocketClient\\": "src"
                }
            },
            "notification-url": "https://packagist.org/downloads/",
            "license": [
                "MIT"
            ],
            "description": "Async connector to open TCP/IP and SSL/TLS based connections.",
            "keywords": [
                "Socket"
            ],
            "time": "2015-06-02 14:03:01"
        },
        {
            "name": "react/stream",
            "version": "v0.4.2",
            "source": {
                "type": "git",
                "url": "https://github.com/reactphp/stream.git",
                "reference": "acc7a5fec02e0aea674560e1d13c40ed0c8c5465"
            },
            "dist": {
                "type": "zip",
                "url": "https://api.github.com/repos/reactphp/stream/zipball/acc7a5fec02e0aea674560e1d13c40ed0c8c5465",
                "reference": "acc7a5fec02e0aea674560e1d13c40ed0c8c5465",
                "shasum": ""
            },
            "require": {
                "evenement/evenement": "~2.0",
                "php": ">=5.4.0"
            },
            "require-dev": {
                "react/event-loop": "0.4.*",
                "react/promise": "~2.0"
            },
            "suggest": {
                "react/event-loop": "0.4.*",
                "react/promise": "~2.0"
            },
            "type": "library",
            "extra": {
                "branch-alias": {
                    "dev-master": "0.5-dev"
                }
            },
            "autoload": {
                "psr-4": {
                    "React\\Stream\\": "src"
                }
            },
            "notification-url": "https://packagist.org/downloads/",
            "license": [
                "MIT"
            ],
            "description": "Basic readable and writable stream interfaces that support piping.",
            "keywords": [
                "pipe",
                "stream"
            ],
            "time": "2014-09-10 03:32:31"
        },
        {
            "name": "respect/validation",
            "version": "0.8.9",
            "source": {
                "type": "git",
                "url": "https://github.com/Respect/Validation.git",
                "reference": "aaca258bedf4000df507b1f143dc226b8fab9cd7"
            },
            "dist": {
                "type": "zip",
                "url": "https://api.github.com/repos/Respect/Validation/zipball/aaca258bedf4000df507b1f143dc226b8fab9cd7",
                "reference": "aaca258bedf4000df507b1f143dc226b8fab9cd7",
                "shasum": ""
            },
            "require": {
                "php": ">=5.3.0"
            },
            "require-dev": {
                "malkusch/bav": "~1.0",
                "phpunit/phpunit": "~4.0",
                "symfony/validator": "~2.6.9",
                "zendframework/zend-validator": "~2.3"
            },
            "suggest": {
                "ext-bcmath": "Arbitrary Precision Mathematics",
                "ext-mbstring": "Multibyte String Functions",
                "malkusch/bav": "German bank account validation",
                "symfony/validator": "Use Symfony validator through Respect\\Validation",
                "zendframework/zend-validator": "Use Zend Framework validator through Respect\\Validation"
            },
            "type": "library",
            "extra": {
                "branch-alias": {
                    "dev-master": "0.8-dev"
                }
            },
            "autoload": {
                "psr-4": {
                    "Respect\\Validation\\": "library/"
                }
            },
            "notification-url": "https://packagist.org/downloads/",
            "license": [
                "BSD Style"
            ],
            "authors": [
                {
                    "name": "Respect/Validation Contributors",
                    "homepage": "https://github.com/Respect/Validation/graphs/contributors"
                }
            ],
            "description": "The most awesome validation engine ever created for PHP",
            "homepage": "http://respect.li",
            "keywords": [
                "respect",
                "validation",
                "validator"
            ],
            "time": "2015-06-06 13:03:35"
        },
        {
            "name": "symfony/event-dispatcher",
            "version": "v2.7.2",
            "source": {
                "type": "git",
                "url": "https://github.com/symfony/EventDispatcher.git",
                "reference": "9310b5f9a87ec2ea75d20fec0b0017c77c66dac3"
            },
            "dist": {
                "type": "zip",
                "url": "https://api.github.com/repos/symfony/EventDispatcher/zipball/9310b5f9a87ec2ea75d20fec0b0017c77c66dac3",
                "reference": "9310b5f9a87ec2ea75d20fec0b0017c77c66dac3",
                "shasum": ""
            },
            "require": {
                "php": ">=5.3.9"
            },
            "require-dev": {
                "psr/log": "~1.0",
                "symfony/config": "~2.0,>=2.0.5",
                "symfony/dependency-injection": "~2.6",
                "symfony/expression-language": "~2.6",
                "symfony/phpunit-bridge": "~2.7",
                "symfony/stopwatch": "~2.3"
            },
            "suggest": {
                "symfony/dependency-injection": "",
                "symfony/http-kernel": ""
            },
            "type": "library",
            "extra": {
                "branch-alias": {
                    "dev-master": "2.7-dev"
                }
            },
            "autoload": {
                "psr-4": {
                    "Symfony\\Component\\EventDispatcher\\": ""
                }
            },
            "notification-url": "https://packagist.org/downloads/",
            "license": [
                "MIT"
            ],
            "authors": [
                {
                    "name": "Fabien Potencier",
                    "email": "fabien@symfony.com"
                },
                {
                    "name": "Symfony Community",
                    "homepage": "https://symfony.com/contributors"
                }
            ],
            "description": "Symfony EventDispatcher Component",
            "homepage": "https://symfony.com",
            "time": "2015-06-18 19:21:56"
        },
        {
            "name": "symfony/http-foundation",
            "version": "v2.7.2",
            "source": {
                "type": "git",
                "url": "https://github.com/symfony/HttpFoundation.git",
                "reference": "88903c0531b90d4ecd90282b18f08c0c77bde0b2"
            },
            "dist": {
                "type": "zip",
                "url": "https://api.github.com/repos/symfony/HttpFoundation/zipball/88903c0531b90d4ecd90282b18f08c0c77bde0b2",
                "reference": "88903c0531b90d4ecd90282b18f08c0c77bde0b2",
                "shasum": ""
            },
            "require": {
                "php": ">=5.3.9"
            },
            "require-dev": {
                "symfony/expression-language": "~2.4",
                "symfony/phpunit-bridge": "~2.7"
            },
            "type": "library",
            "extra": {
                "branch-alias": {
                    "dev-master": "2.7-dev"
                }
            },
            "autoload": {
                "psr-4": {
                    "Symfony\\Component\\HttpFoundation\\": ""
                },
                "classmap": [
                    "Resources/stubs"
                ]
            },
            "notification-url": "https://packagist.org/downloads/",
            "license": [
                "MIT"
            ],
            "authors": [
                {
                    "name": "Fabien Potencier",
                    "email": "fabien@symfony.com"
                },
                {
                    "name": "Symfony Community",
                    "homepage": "https://symfony.com/contributors"
                }
            ],
            "description": "Symfony HttpFoundation Component",
            "homepage": "https://symfony.com",
            "time": "2015-07-09 16:07:40"
        },
        {
            "name": "symfony/routing",
            "version": "v2.7.2",
            "source": {
                "type": "git",
                "url": "https://github.com/symfony/Routing.git",
                "reference": "ea9134f277162b02e5f80ac058b75a77637b0d26"
            },
            "dist": {
                "type": "zip",
                "url": "https://api.github.com/repos/symfony/Routing/zipball/ea9134f277162b02e5f80ac058b75a77637b0d26",
                "reference": "ea9134f277162b02e5f80ac058b75a77637b0d26",
                "shasum": ""
            },
            "require": {
                "php": ">=5.3.9"
            },
            "conflict": {
                "symfony/config": "<2.7"
            },
            "require-dev": {
                "doctrine/annotations": "~1.0",
                "doctrine/common": "~2.2",
                "psr/log": "~1.0",
                "symfony/config": "~2.7",
                "symfony/expression-language": "~2.4",
                "symfony/http-foundation": "~2.3",
                "symfony/phpunit-bridge": "~2.7",
                "symfony/yaml": "~2.0,>=2.0.5"
            },
            "suggest": {
                "doctrine/annotations": "For using the annotation loader",
                "symfony/config": "For using the all-in-one router or any loader",
                "symfony/expression-language": "For using expression matching",
                "symfony/yaml": "For using the YAML loader"
            },
            "type": "library",
            "extra": {
                "branch-alias": {
                    "dev-master": "2.7-dev"
                }
            },
            "autoload": {
                "psr-4": {
                    "Symfony\\Component\\Routing\\": ""
                }
            },
            "notification-url": "https://packagist.org/downloads/",
            "license": [
                "MIT"
            ],
            "authors": [
                {
                    "name": "Fabien Potencier",
                    "email": "fabien@symfony.com"
                },
                {
                    "name": "Symfony Community",
                    "homepage": "https://symfony.com/contributors"
                }
            ],
            "description": "Symfony Routing Component",
            "homepage": "https://symfony.com",
            "keywords": [
                "router",
                "routing",
                "uri",
                "url"
            ],
            "time": "2015-07-09 16:07:40"
        }
    ],
    "packages-dev": [],
    "aliases": [],
    "minimum-stability": "stable",
    "stability-flags": {
        "libchart/libchart": 20,
        "rain/raintpl": 20,
        "michelf/php-markdown": 20,
        "movim/modl": 20,
        "movim/sasl2": 20,
        "movim/moxl": 20,
        "embed/embed": 20,
        "heyupdate/emoji": 20,
        "react/child-process": 20,
        "react/socket-client": 20
    },
    "prefer-stable": false,
    "prefer-lowest": false,
    "platform": [],
    "platform-dev": []
}
